// !$*UTF8*$!
{
	archiveVersion = 1;
	classes = {
	};
	objectVersion = 56;
	objects = {

/* Begin PBXBuildFile section */
		1FD7B79E29AF7D190011C7E8 /* AppDelegate.swift in Sources */ = {isa = PBXBuildFile; fileRef = 1FD7B79D29AF7D190011C7E8 /* AppDelegate.swift */; };
		1FD7B7A729AF7D1A0011C7E8 /* Assets.xcassets in Resources */ = {isa = PBXBuildFile; fileRef = 1FD7B7A629AF7D1A0011C7E8 /* Assets.xcassets */; };
		1FD7B7AA29AF7D1A0011C7E8 /* LaunchScreen.storyboard in Resources */ = {isa = PBXBuildFile; fileRef = 1FD7B7A829AF7D1A0011C7E8 /* LaunchScreen.storyboard */; };
/* End PBXBuildFile section */

/* Begin PBXFileReference section */
		1FD7B79A29AF7D190011C7E8 /* TheMoviedbTwo.app */ = {isa = PBXFileReference; explicitFileType = wrapper.application; includeInIndex = 0; path = TheMoviedbTwo.app; sourceTree = BUILT_PRODUCTS_DIR; };
		1FD7B79D29AF7D190011C7E8 /* AppDelegate.swift */ = {isa = PBXFileReference; lastKnownFileType = sourcecode.swift; path = AppDelegate.swift; sourceTree = "<group>"; };
		1FD7B7A629AF7D1A0011C7E8 /* Assets.xcassets */ = {isa = PBXFileReference; lastKnownFileType = folder.assetcatalog; path = Assets.xcassets; sourceTree = "<group>"; };
		1FD7B7A929AF7D1A0011C7E8 /* Base */ = {isa = PBXFileReference; lastKnownFileType = file.storyboard; name = Base; path = Base.lproj/LaunchScreen.storyboard; sourceTree = "<group>"; };
		1FD7B7AB29AF7D1A0011C7E8 /* Info.plist */ = {isa = PBXFileReference; lastKnownFileType = text.plist.xml; path = Info.plist; sourceTree = "<group>"; };
/* End PBXFileReference section */

/* Begin PBXFrameworksBuildPhase section */
		1FD7B79729AF7D190011C7E8 /* Frameworks */ = {
			isa = PBXFrameworksBuildPhase;
			buildActionMask = 2147483647;
			files = (
			);
			runOnlyForDeploymentPostprocessing = 0;
		};
/* End PBXFrameworksBuildPhase section */

/* Begin PBXGroup section */
		1FD7B79129AF7D190011C7E8 = {
			isa = PBXGroup;
			children = (
				1FD7B79C29AF7D190011C7E8 /* TheMoviedbTwo */,
				1FD7B79B29AF7D190011C7E8 /* Products */,
			);
			sourceTree = "<group>";
		};
		1FD7B79B29AF7D190011C7E8 /* Products */ = {
			isa = PBXGroup;
			children = (
				1FD7B79A29AF7D190011C7E8 /* TheMoviedbTwo.app */,
			);
			name = Products;
			sourceTree = "<group>";
		};
		1FD7B79C29AF7D190011C7E8 /* TheMoviedbTwo */ = {
			isa = PBXGroup;
			children = (
				1FD7B7B129AF7D230011C7E8 /* Application */,
				1FD7B7B229AF7D2F0011C7E8 /* Configuration */,
				1FD7B7B329AF7D420011C7E8 /* Resources */,
			);
			path = TheMoviedbTwo;
			sourceTree = "<group>";
		};
		1FD7B7B129AF7D230011C7E8 /* Application */ = {
			isa = PBXGroup;
			children = (
				1FD7B7B529AF7F7D0011C7E8 /* UI */,
				1FD7B7B429AF7E260011C7E8 /* Model */,
			);
			path = Application;
			sourceTree = "<group>";
		};
		1FD7B7B229AF7D2F0011C7E8 /* Configuration */ = {
			isa = PBXGroup;
			children = (
				1FD7B7AB29AF7D1A0011C7E8 /* Info.plist */,
			);
			path = Configuration;
			sourceTree = "<group>";
		};
		1FD7B7B329AF7D420011C7E8 /* Resources */ = {
			isa = PBXGroup;
			children = (
				1FD7B7A829AF7D1A0011C7E8 /* LaunchScreen.storyboard */,
				1FD7B7A629AF7D1A0011C7E8 /* Assets.xcassets */,
			);
			path = Resources;
			sourceTree = "<group>";
		};
		1FD7B7B429AF7E260011C7E8 /* Model */ = {
			isa = PBXGroup;
			children = (
				1FD7B79D29AF7D190011C7E8 /* AppDelegate.swift */,
			);
			path = Model;
			sourceTree = "<group>";
		};
		1FD7B7B529AF7F7D0011C7E8 /* UI */ = {
			isa = PBXGroup;
			children = (
				1FD7B7B629AF7F860011C7E8 /* Screens */,
			);
			path = UI;
			sourceTree = "<group>";
		};
		1FD7B7B629AF7F860011C7E8 /* Screens */ = {
			isa = PBXGroup;
			children = (
			);
			path = Screens;
			sourceTree = "<group>";
		};
/* End PBXGroup section */

/* Begin PBXNativeTarget section */
		1FD7B79929AF7D190011C7E8 /* TheMoviedbTwo */ = {
			isa = PBXNativeTarget;
			buildConfigurationList = 1FD7B7AE29AF7D1A0011C7E8 /* Build configuration list for PBXNativeTarget "TheMoviedbTwo" */;
			buildPhases = (
				1FD7B79629AF7D190011C7E8 /* Sources */,
				1FD7B79729AF7D190011C7E8 /* Frameworks */,
				1FD7B79829AF7D190011C7E8 /* Resources */,
			);
			buildRules = (
			);
			dependencies = (
			);
			name = TheMoviedbTwo;
			productName = TheMoviedbTwo;
			productReference = 1FD7B79A29AF7D190011C7E8 /* TheMoviedbTwo.app */;
			productType = "com.apple.product-type.application";
		};
/* End PBXNativeTarget section */

/* Begin PBXProject section */
		1FD7B79229AF7D190011C7E8 /* Project object */ = {
			isa = PBXProject;
			attributes = {
				BuildIndependentTargetsInParallel = 1;
				LastSwiftUpdateCheck = 1420;
				LastUpgradeCheck = 1420;
				TargetAttributes = {
					1FD7B79929AF7D190011C7E8 = {
						CreatedOnToolsVersion = 14.2;
					};
				};
			};
			buildConfigurationList = 1FD7B79529AF7D190011C7E8 /* Build configuration list for PBXProject "TheMoviedbTwo" */;
			compatibilityVersion = "Xcode 14.0";
			developmentRegion = en;
			hasScannedForEncodings = 0;
			knownRegions = (
				en,
				Base,
			);
			mainGroup = 1FD7B79129AF7D190011C7E8;
			productRefGroup = 1FD7B79B29AF7D190011C7E8 /* Products */;
			projectDirPath = "";
			projectRoot = "";
			targets = (
				1FD7B79929AF7D190011C7E8 /* TheMoviedbTwo */,
			);
		};
/* End PBXProject section */

/* Begin PBXResourcesBuildPhase section */
		1FD7B79829AF7D190011C7E8 /* Resources */ = {
			isa = PBXResourcesBuildPhase;
			buildActionMask = 2147483647;
			files = (
				1FD7B7AA29AF7D1A0011C7E8 /* LaunchScreen.storyboard in Resources */,
				1FD7B7A729AF7D1A0011C7E8 /* Assets.xcassets in Resources */,
			);
			runOnlyForDeploymentPostprocessing = 0;
		};
/* End PBXResourcesBuildPhase section */

/* Begin PBXSourcesBuildPhase section */
		1FD7B79629AF7D190011C7E8 /* Sources */ = {
			isa = PBXSourcesBuildPhase;
			buildActionMask = 2147483647;
			files = (
				1FD7B79E29AF7D190011C7E8 /* AppDelegate.swift in Sources */,
			);
			runOnlyForDeploymentPostprocessing = 0;
		};
/* End PBXSourcesBuildPhase section */

/* Begin PBXVariantGroup section */
		1FD7B7A829AF7D1A0011C7E8 /* LaunchScreen.storyboard */ = {
			isa = PBXVariantGroup;
			children = (
				1FD7B7A929AF7D1A0011C7E8 /* Base */,
			);
			name = LaunchScreen.storyboard;
			sourceTree = "<group>";
		};
/* End PBXVariantGroup section */

/* Begin XCBuildConfiguration section */
		1FD7B7AC29AF7D1A0011C7E8 /* Debug */ = {
			isa = XCBuildConfiguration;
			buildSettings = {
				ALWAYS_SEARCH_USER_PATHS = NO;
				CLANG_ANALYZER_NONNULL = YES;
				CLANG_ANALYZER_NUMBER_OBJECT_CONVERSION = YES_AGGRESSIVE;
				CLANG_CXX_LANGUAGE_STANDARD = "gnu++20";
				CLANG_ENABLE_MODULES = YES;
				CLANG_ENABLE_OBJC_ARC = YES;
				CLANG_ENABLE_OBJC_WEAK = YES;
				CLANG_WARN_BLOCK_CAPTURE_AUTORELEASING = YES;
				CLANG_WARN_BOOL_CONVERSION = YES;
				CLANG_WARN_COMMA = YES;
				CLANG_WARN_CONSTANT_CONVERSION = YES;
				CLANG_WARN_DEPRECATED_OBJC_IMPLEMENTATIONS = YES;
				CLANG_WARN_DIRECT_OBJC_ISA_USAGE = YES_ERROR;
				CLANG_WARN_DOCUMENTATION_COMMENTS = YES;
				CLANG_WARN_EMPTY_BODY = YES;
				CLANG_WARN_ENUM_CONVERSION = YES;
				CLANG_WARN_INFINITE_RECURSION = YES;
				CLANG_WARN_INT_CONVERSION = YES;
				CLANG_WARN_NON_LITERAL_NULL_CONVERSION = YES;
				CLANG_WARN_OBJC_IMPLICIT_RETAIN_SELF = YES;
				CLANG_WARN_OBJC_LITERAL_CONVERSION = YES;
				CLANG_WARN_OBJC_ROOT_CLASS = YES_ERROR;
				CLANG_WARN_QUOTED_INCLUDE_IN_FRAMEWORK_HEADER = YES;
				CLANG_WARN_RANGE_LOOP_ANALYSIS = YES;
				CLANG_WARN_STRICT_PROTOTYPES = YES;
				CLANG_WARN_SUSPICIOUS_MOVE = YES;
				CLANG_WARN_UNGUARDED_AVAILABILITY = YES_AGGRESSIVE;
				CLANG_WARN_UNREACHABLE_CODE = YES;
				CLANG_WARN__DUPLICATE_METHOD_MATCH = YES;
				COPY_PHASE_STRIP = NO;
				DEBUG_INFORMATION_FORMAT = dwarf;
				ENABLE_STRICT_OBJC_MSGSEND = YES;
				ENABLE_TESTABILITY = YES;
				GCC_C_LANGUAGE_STANDARD = gnu11;
				GCC_DYNAMIC_NO_PIC = NO;
				GCC_NO_COMMON_BLOCKS = YES;
				GCC_OPTIMIZATION_LEVEL = 0;
				GCC_PREPROCESSOR_DEFINITIONS = (
					"DEBUG=1",
					"$(inherited)",
				);
				GCC_WARN_64_TO_32_BIT_CONVERSION = YES;
				GCC_WARN_ABOUT_RETURN_TYPE = YES_ERROR;
				GCC_WARN_UNDECLARED_SELECTOR = YES;
				GCC_WARN_UNINITIALIZED_AUTOS = YES_AGGRESSIVE;
				GCC_WARN_UNUSED_FUNCTION = YES;
				GCC_WARN_UNUSED_VARIABLE = YES;
				IPHONEOS_DEPLOYMENT_TARGET = 16.2;
				MTL_ENABLE_DEBUG_INFO = INCLUDE_SOURCE;
				MTL_FAST_MATH = YES;
				ONLY_ACTIVE_ARCH = YES;
				SDKROOT = iphoneos;
				SWIFT_ACTIVE_COMPILATION_CONDITIONS = DEBUG;
				SWIFT_OPTIMIZATION_LEVEL = "-Onone";
			};
			name = Debug;
		};
		1FD7B7AD29AF7D1A0011C7E8 /* Release */ = {
			isa = XCBuildConfiguration;
			buildSettings = {
				ALWAYS_SEARCH_USER_PATHS = NO;
				CLANG_ANALYZER_NONNULL = YES;
				CLANG_ANALYZER_NUMBER_OBJECT_CONVERSION = YES_AGGRESSIVE;
				CLANG_CXX_LANGUAGE_STANDARD = "gnu++20";
				CLANG_ENABLE_MODULES = YES;
				CLANG_ENABLE_OBJC_ARC = YES;
				CLANG_ENABLE_OBJC_WEAK = YES;
				CLANG_WARN_BLOCK_CAPTURE_AUTORELEASING = YES;
				CLANG_WARN_BOOL_CONVERSION = YES;
				CLANG_WARN_COMMA = YES;
				CLANG_WARN_CONSTANT_CONVERSION = YES;
				CLANG_WARN_DEPRECATED_OBJC_IMPLEMENTATIONS = YES;
				CLANG_WARN_DIRECT_OBJC_ISA_USAGE = YES_ERROR;
				CLANG_WARN_DOCUMENTATION_COMMENTS = YES;
				CLANG_WARN_EMPTY_BODY = YES;
				CLANG_WARN_ENUM_CONVERSION = YES;
				CLANG_WARN_INFINITE_RECURSION = YES;
				CLANG_WARN_INT_CONVERSION = YES;
				CLANG_WARN_NON_LITERAL_NULL_CONVERSION = YES;
				CLANG_WARN_OBJC_IMPLICIT_RETAIN_SELF = YES;
				CLANG_WARN_OBJC_LITERAL_CONVERSION = YES;
				CLANG_WARN_OBJC_ROOT_CLASS = YES_ERROR;
				CLANG_WARN_QUOTED_INCLUDE_IN_FRAMEWORK_HEADER = YES;
				CLANG_WARN_RANGE_LOOP_ANALYSIS = YES;
				CLANG_WARN_STRICT_PROTOTYPES = YES;
				CLANG_WARN_SUSPICIOUS_MOVE = YES;
				CLANG_WARN_UNGUARDED_AVAILABILITY = YES_AGGRESSIVE;
				CLANG_WARN_UNREACHABLE_CODE = YES;
				CLANG_WARN__DUPLICATE_METHOD_MATCH = YES;
				COPY_PHASE_STRIP = NO;
				DEBUG_INFORMATION_FORMAT = "dwarf-with-dsym";
				ENABLE_NS_ASSERTIONS = NO;
				ENABLE_STRICT_OBJC_MSGSEND = YES;
				GCC_C_LANGUAGE_STANDARD = gnu11;
				GCC_NO_COMMON_BLOCKS = YES;
				GCC_WARN_64_TO_32_BIT_CONVERSION = YES;
				GCC_WARN_ABOUT_RETURN_TYPE = YES_ERROR;
				GCC_WARN_UNDECLARED_SELECTOR = YES;
				GCC_WARN_UNINITIALIZED_AUTOS = YES_AGGRESSIVE;
				GCC_WARN_UNUSED_FUNCTION = YES;
				GCC_WARN_UNUSED_VARIABLE = YES;
				IPHONEOS_DEPLOYMENT_TARGET = 16.2;
				MTL_ENABLE_DEBUG_INFO = NO;
				MTL_FAST_MATH = YES;
				SDKROOT = iphoneos;
				SWIFT_COMPILATION_MODE = wholemodule;
				SWIFT_OPTIMIZATION_LEVEL = "-O";
				VALIDATE_PRODUCT = YES;
			};
			name = Release;
		};
		1FD7B7AF29AF7D1A0011C7E8 /* Debug */ = {
			isa = XCBuildConfiguration;
			buildSettings = {
				ASSETCATALOG_COMPILER_APPICON_NAME = AppIcon;
				ASSETCATALOG_COMPILER_GLOBAL_ACCENT_COLOR_NAME = AccentColor;
				CODE_SIGN_STYLE = Automatic;
				CURRENT_PROJECT_VERSION = 1;
				DEVELOPMENT_TEAM = 67Q5VK8T9L;
				GENERATE_INFOPLIST_FILE = YES;
				INFOPLIST_FILE = TheMoviedbTwo/Configuration/Info.plist;
				INFOPLIST_KEY_UIApplicationSupportsIndirectInputEvents = YES;
				INFOPLIST_KEY_UILaunchStoryboardName = LaunchScreen;
				INFOPLIST_KEY_UIMainStoryboardFile = "";
				INFOPLIST_KEY_UISupportedInterfaceOrientations_iPad = "UIInterfaceOrientationPortrait UIInterfaceOrientationPortraitUpsideDown UIInterfaceOrientationLandscapeLeft UIInterfaceOrientationLandscapeRight";
				INFOPLIST_KEY_UISupportedInterfaceOrientations_iPhone = "UIInterfaceOrientationPortrait UIInterfaceOrientationLandscapeLeft UIInterfaceOrientationLandscapeRight";
				LD_RUNPATH_SEARCH_PATHS = (
					"$(inherited)",
					"@executable_path/Frameworks",
				);
				MARKETING_VERSION = 1.0;
				PRODUCT_BUNDLE_IDENTIFIER = makersmark.company.TheMoviedbTwo;
				PRODUCT_NAME = "$(TARGET_NAME)";
				SWIFT_EMIT_LOC_STRINGS = YES;
				SWIFT_VERSION = 5.0;
				TARGETED_DEVICE_FAMILY = "1,2";
			};
			name = Debug;
		};
		1FD7B7B029AF7D1A0011C7E8 /* Release */ = {
			isa = XCBuildConfiguration;
			buildSettings = {
				ASSETCATALOG_COMPILER_APPICON_NAME = AppIcon;
				ASSETCATALOG_COMPILER_GLOBAL_ACCENT_COLOR_NAME = AccentColor;
				CODE_SIGN_STYLE = Automatic;
				CURRENT_PROJECT_VERSION = 1;
				DEVELOPMENT_TEAM = 67Q5VK8T9L;
				GENERATE_INFOPLIST_FILE = YES;
				INFOPLIST_FILE = TheMoviedbTwo/Configuration/Info.plist;
				INFOPLIST_KEY_UIApplicationSupportsIndirectInputEvents = YES;
				INFOPLIST_KEY_UILaunchStoryboardName = LaunchScreen;
				INFOPLIST_KEY_UIMainStoryboardFile = "";
				INFOPLIST_KEY_UISupportedInterfaceOrientations_iPad = "UIInterfaceOrientationPortrait UIInterfaceOrientationPortraitUpsideDown UIInterfaceOrientationLandscapeLeft UIInterfaceOrientationLandscapeRight";
				INFOPLIST_KEY_UISupportedInterfaceOrientations_iPhone = "UIInterfaceOrientationPortrait UIInterfaceOrientationLandscapeLeft UIInterfaceOrientationLandscapeRight";
				LD_RUNPATH_SEARCH_PATHS = (
					"$(inherited)",
					"@executable_path/Frameworks",
				);
				MARKETING_VERSION = 1.0;
				PRODUCT_BUNDLE_IDENTIFIER = makersmark.company.TheMoviedbTwo;
				PRODUCT_NAME = "$(TARGET_NAME)";
				SWIFT_EMIT_LOC_STRINGS = YES;
				SWIFT_VERSION = 5.0;
				TARGETED_DEVICE_FAMILY = "1,2";
			};
			name = Release;
		};
/* End XCBuildConfiguration section */

/* Begin XCConfigurationList section */
		1FD7B79529AF7D190011C7E8 /* Build configuration list for PBXProject "TheMoviedbTwo" */ = {
			isa = XCConfigurationList;
			buildConfigurations = (
				1FD7B7AC29AF7D1A0011C7E8 /* Debug */,
				1FD7B7AD29AF7D1A0011C7E8 /* Release */,
			);
			defaultConfigurationIsVisible = 0;
			defaultConfigurationName = Release;
		};
		1FD7B7AE29AF7D1A0011C7E8 /* Build configuration list for PBXNativeTarget "TheMoviedbTwo" */ = {
			isa = XCConfigurationList;
			buildConfigurations = (
				1FD7B7AF29AF7D1A0011C7E8 /* Debug */,
				1FD7B7B029AF7D1A0011C7E8 /* Release */,
			);
			defaultConfigurationIsVisible = 0;
			defaultConfigurationName = Release;
		};
/* End XCConfigurationList section */
	};
	rootObject = 1FD7B79229AF7D190011C7E8 /* Project object */;
}
